
Microsoft Visual Studio Solution File, Format Version 12.00
# Visual Studio 2012
Project("{FAE04EC0-301F-11D3-BF4B-00C04F79EFBC}") = "ForeignExchange", "ForeignExchange\ForeignExchange.csproj", "{670A3C59-A4D4-46E3-80F3-A82AE7C5117C}"
EndProject
Project("{FAE04EC0-301F-11D3-BF4B-00C04F79EFBC}") = "ForeignExchange.iOS", "iOS\ForeignExchange.iOS.csproj", "{50B954A1-CFE7-48B7-BDE8-156936751E69}"
EndProject
Project("{FAE04EC0-301F-11D3-BF4B-00C04F79EFBC}") = "ForeignExchange.Droid", "Droid\ForeignExchange.Droid.csproj", "{BA8F9AFA-9445-409D-8F76-4AFA92538F89}"
EndProject
Global
	GlobalSection(SolutionConfigurationPlatforms) = preSolution
		Debug|Any CPU = Debug|Any CPU
		Release|Any CPU = Release|Any CPU
		Debug|iPhoneSimulator = Debug|iPhoneSimulator
		Release|iPhone = Release|iPhone
		Release|iPhoneSimulator = Release|iPhoneSimulator
		Debug|iPhone = Debug|iPhone
	EndGlobalSection
	GlobalSection(ProjectConfigurationPlatforms) = postSolution
		{670A3C59-A4D4-46E3-80F3-A82AE7C5117C}.Debug|Any CPU.ActiveCfg = Debug|Any CPU
		{670A3C59-A4D4-46E3-80F3-A82AE7C5117C}.Debug|Any CPU.Build.0 = Debug|Any CPU
		{670A3C59-A4D4-46E3-80F3-A82AE7C5117C}.Release|Any CPU.ActiveCfg = Release|Any CPU
		{670A3C59-A4D4-46E3-80F3-A82AE7C5117C}.Release|Any CPU.Build.0 = Release|Any CPU
		{670A3C59-A4D4-46E3-80F3-A82AE7C5117C}.Debug|iPhoneSimulator.ActiveCfg = Debug|Any CPU
		{670A3C59-A4D4-46E3-80F3-A82AE7C5117C}.Debug|iPhoneSimulator.Build.0 = Debug|Any CPU
		{670A3C59-A4D4-46E3-80F3-A82AE7C5117C}.Release|iPhone.ActiveCfg = Release|Any CPU
		{670A3C59-A4D4-46E3-80F3-A82AE7C5117C}.Release|iPhone.Build.0 = Release|Any CPU
		{670A3C59-A4D4-46E3-80F3-A82AE7C5117C}.Release|iPhoneSimulator.ActiveCfg = Release|Any CPU
		{670A3C59-A4D4-46E3-80F3-A82AE7C5117C}.Release|iPhoneSimulator.Build.0 = Release|Any CPU
		{670A3C59-A4D4-46E3-80F3-A82AE7C5117C}.Debug|iPhone.ActiveCfg = Debug|Any CPU
		{670A3C59-A4D4-46E3-80F3-A82AE7C5117C}.Debug|iPhone.Build.0 = Debug|Any CPU
		{50B954A1-CFE7-48B7-BDE8-156936751E69}.Debug|Any CPU.ActiveCfg = Debug|iPhoneSimulator
		{50B954A1-CFE7-48B7-BDE8-156936751E69}.Debug|Any CPU.Build.0 = Debug|iPhoneSimulator
		{50B954A1-CFE7-48B7-BDE8-156936751E69}.Release|Any CPU.ActiveCfg = Release|iPhone
		{50B954A1-CFE7-48B7-BDE8-156936751E69}.Release|Any CPU.Build.0 = Release|iPhone
		{50B954A1-CFE7-48B7-BDE8-156936751E69}.Debug|iPhoneSimulator.ActiveCfg = Debug|iPhoneSimulator
		{50B954A1-CFE7-48B7-BDE8-156936751E69}.Debug|iPhoneSimulator.Build.0 = Debug|iPhoneSimulator
		{50B954A1-CFE7-48B7-BDE8-156936751E69}.Release|iPhone.ActiveCfg = Release|iPhone
		{50B954A1-CFE7-48B7-BDE8-156936751E69}.Release|iPhone.Build.0 = Release|iPhone
		{50B954A1-CFE7-48B7-BDE8-156936751E69}.Release|iPhoneSimulator.ActiveCfg = Release|iPhoneSimulator
		{50B954A1-CFE7-48B7-BDE8-156936751E69}.Release|iPhoneSimulator.Build.0 = Release|iPhoneSimulator
		{50B954A1-CFE7-48B7-BDE8-156936751E69}.Debug|iPhone.ActiveCfg = Debug|iPhone
		{50B954A1-CFE7-48B7-BDE8-156936751E69}.Debug|iPhone.Build.0 = Debug|iPhone
		{BA8F9AFA-9445-409D-8F76-4AFA92538F89}.Debug|Any CPU.ActiveCfg = Debug|Any CPU
		{BA8F9AFA-9445-409D-8F76-4AFA92538F89}.Debug|Any CPU.Build.0 = Debug|Any CPU
		{BA8F9AFA-9445-409D-8F76-4AFA92538F89}.Release|Any CPU.ActiveCfg = Release|Any CPU
		{BA8F9AFA-9445-409D-8F76-4AFA92538F89}.Release|Any CPU.Build.0 = Release|Any CPU
		{BA8F9AFA-9445-409D-8F76-4AFA92538F89}.Debug|iPhoneSimulator.ActiveCfg = Debug|Any CPU
		{BA8F9AFA-9445-409D-8F76-4AFA92538F89}.Debug|iPhoneSimulator.Build.0 = Debug|Any CPU
		{BA8F9AFA-9445-409D-8F76-4AFA92538F89}.Release|iPhone.ActiveCfg = Release|Any CPU
		{BA8F9AFA-9445-409D-8F76-4AFA92538F89}.Release|iPhone.Build.0 = Release|Any CPU
		{BA8F9AFA-9445-409D-8F76-4AFA92538F89}.Release|iPhoneSimulator.ActiveCfg = Release|Any CPU
		{BA8F9AFA-9445-409D-8F76-4AFA92538F89}.Release|iPhoneSimulator.Build.0 = Release|Any CPU
		{BA8F9AFA-9445-409D-8F76-4AFA92538F89}.Debug|iPhone.ActiveCfg = Debug|Any CPU
		{BA8F9AFA-9445-409D-8F76-4AFA92538F89}.Debug|iPhone.Build.0 = Debug|Any CPU
	EndGlobalSection
EndGlobal
